// !$*UTF8*$!
{
	archiveVersion = 1;
	classes = {
	};
	objectVersion = 46;
	objects = {

/* Begin PBXBuildFile section */
		6A1E10CC1E84DE58002F6A29 /* main.m in Sources */ = {isa = PBXBuildFile; fileRef = 6A1E10CB1E84DE58002F6A29 /* main.m */; };
		6A1E10D41E84DE82002F6A29 /* BubblingSort.m in Sources */ = {isa = PBXBuildFile; fileRef = 6A1E10D31E84DE82002F6A29 /* BubblingSort.m */; };
		6A71A46D1E860BD7001F2028 /* SelectingSort.m in Sources */ = {isa = PBXBuildFile; fileRef = 6A71A46C1E860BD7001F2028 /* SelectingSort.m */; };
		6AA3992D1E890DBF00641C7A /* ShellSort.m in Sources */ = {isa = PBXBuildFile; fileRef = 6AA3992C1E890DBF00641C7A /* ShellSort.m */; };
		6AA7F78D1E8613940069AB95 /* InsertingSort.m in Sources */ = {isa = PBXBuildFile; fileRef = 6AA7F78C1E8613940069AB95 /* InsertingSort.m */; };
/* End PBXBuildFile section */

/* Begin PBXCopyFilesBuildPhase section */
		6A1E10C61E84DE58002F6A29 /* CopyFiles */ = {
			isa = PBXCopyFilesBuildPhase;
			buildActionMask = 2147483647;
			dstPath = /usr/share/man/man1/;
			dstSubfolderSpec = 0;
			files = (
			);
			runOnlyForDeploymentPostprocessing = 1;
		};
/* End PBXCopyFilesBuildPhase section */

/* Begin PBXFileReference section */
		6A1E10C81E84DE58002F6A29 /* SortCollection */ = {isa = PBXFileReference; explicitFileType = "compiled.mach-o.executable"; includeInIndex = 0; path = SortCollection; sourceTree = BUILT_PRODUCTS_DIR; };
		6A1E10CB1E84DE58002F6A29 /* main.m */ = {isa = PBXFileReference; lastKnownFileType = sourcecode.c.objc; path = main.m; sourceTree = "<group>"; };
		6A1E10D21E84DE82002F6A29 /* BubblingSort.h */ = {isa = PBXFileReference; fileEncoding = 4; lastKnownFileType = sourcecode.c.h; path = BubblingSort.h; sourceTree = "<group>"; };
		6A1E10D31E84DE82002F6A29 /* BubblingSort.m */ = {isa = PBXFileReference; fileEncoding = 4; lastKnownFileType = sourcecode.c.objc; path = BubblingSort.m; sourceTree = "<group>"; };
		6A71A46B1E860BD7001F2028 /* SelectingSort.h */ = {isa = PBXFileReference; fileEncoding = 4; lastKnownFileType = sourcecode.c.h; path = SelectingSort.h; sourceTree = "<group>"; };
		6A71A46C1E860BD7001F2028 /* SelectingSort.m */ = {isa = PBXFileReference; fileEncoding = 4; lastKnownFileType = sourcecode.c.objc; path = SelectingSort.m; sourceTree = "<group>"; };
		6AA3992B1E890DBF00641C7A /* ShellSort.h */ = {isa = PBXFileReference; fileEncoding = 4; lastKnownFileType = sourcecode.c.h; path = ShellSort.h; sourceTree = "<group>"; };
		6AA3992C1E890DBF00641C7A /* ShellSort.m */ = {isa = PBXFileReference; fileEncoding = 4; lastKnownFileType = sourcecode.c.objc; path = ShellSort.m; sourceTree = "<group>"; };
		6AA7F78B1E8613940069AB95 /* InsertingSort.h */ = {isa = PBXFileReference; fileEncoding = 4; lastKnownFileType = sourcecode.c.h; path = InsertingSort.h; sourceTree = "<group>"; };
		6AA7F78C1E8613940069AB95 /* InsertingSort.m */ = {isa = PBXFileReference; fileEncoding = 4; lastKnownFileType = sourcecode.c.objc; path = InsertingSort.m; sourceTree = "<group>"; };
/* End PBXFileReference section */

/* Begin PBXFrameworksBuildPhase section */
		6A1E10C51E84DE58002F6A29 /* Frameworks */ = {
			isa = PBXFrameworksBuildPhase;
			buildActionMask = 2147483647;
			files = (
			);
			runOnlyForDeploymentPostprocessing = 0;
		};
/* End PBXFrameworksBuildPhase section */

/* Begin PBXGroup section */
		6A1E10BF1E84DE58002F6A29 = {
			isa = PBXGroup;
			children = (
				6A1E10CA1E84DE58002F6A29 /* SortCollection */,
				6A1E10C91E84DE58002F6A29 /* Products */,
			);
			sourceTree = "<group>";
		};
		6A1E10C91E84DE58002F6A29 /* Products */ = {
			isa = PBXGroup;
			children = (
				6A1E10C81E84DE58002F6A29 /* SortCollection */,
			);
			name = Products;
			sourceTree = "<group>";
		};
		6A1E10CA1E84DE58002F6A29 /* SortCollection */ = {
			isa = PBXGroup;
			children = (
				6A1E10CB1E84DE58002F6A29 /* main.m */,
				6A1E10D21E84DE82002F6A29 /* BubblingSort.h */,
				6A1E10D31E84DE82002F6A29 /* BubblingSort.m */,
				6A71A46B1E860BD7001F2028 /* SelectingSort.h */,
				6A71A46C1E860BD7001F2028 /* SelectingSort.m */,
				6AA7F78B1E8613940069AB95 /* InsertingSort.h */,
				6AA7F78C1E8613940069AB95 /* InsertingSort.m */,
				6AA3992B1E890DBF00641C7A /* ShellSort.h */,
				6AA3992C1E890DBF00641C7A /* ShellSort.m */,
			);
			path = SortCollection;
			sourceTree = "<group>";
		};
/* End PBXGroup section */

/* Begin PBXNativeTarget section */
		6A1E10C71E84DE58002F6A29 /* SortCollection */ = {
			isa = PBXNativeTarget;
			buildConfigurationList = 6A1E10CF1E84DE58002F6A29 /* Build configuration list for PBXNativeTarget "SortCollection" */;
			buildPhases = (
				6A1E10C41E84DE58002F6A29 /* Sources */,
				6A1E10C51E84DE58002F6A29 /* Frameworks */,
				6A1E10C61E84DE58002F6A29 /* CopyFiles */,
			);
			buildRules = (
			);
			dependencies = (
			);
			name = SortCollection;
			productName = SortCollection;
			productReference = 6A1E10C81E84DE58002F6A29 /* SortCollection */;
			productType = "com.apple.product-type.tool";
		};
/* End PBXNativeTarget section */

/* Begin PBXProject section */
		6A1E10C01E84DE58002F6A29 /* Project object */ = {
			isa = PBXProject;
			attributes = {
				LastUpgradeCheck = 0800;
				ORGANIZATIONNAME = nineteen;
				TargetAttributes = {
					6A1E10C71E84DE58002F6A29 = {
						CreatedOnToolsVersion = 8.0;
						ProvisioningStyle = Automatic;
					};
				};
			};
			buildConfigurationList = 6A1E10C31E84DE58002F6A29 /* Build configuration list for PBXProject "SortCollection" */;
			compatibilityVersion = "Xcode 3.2";
			developmentRegion = English;
			hasScannedForEncodings = 0;
			knownRegions = (
				en,
			);
			mainGroup = 6A1E10BF1E84DE58002F6A29;
			productRefGroup = 6A1E10C91E84DE58002F6A29 /* Products */;
			projectDirPath = "";
			projectRoot = "";
			targets = (
				6A1E10C71E84DE58002F6A29 /* SortCollection */,
			);
		};
/* End PBXProject section */

/* Begin PBXSourcesBuildPhase section */
		6A1E10C41E84DE58002F6A29 /* Sources */ = {
			isa = PBXSourcesBuildPhase;
			buildActionMask = 2147483647;
			files = (
				6A71A46D1E860BD7001F2028 /* SelectingSort.m in Sources */,
				6AA7F78D1E8613940069AB95 /* InsertingSort.m in Sources */,
				6AA3992D1E890DBF00641C7A /* ShellSort.m in Sources */,
				6A1E10D41E84DE82002F6A29 /* BubblingSort.m in Sources */,
				6A1E10CC1E84DE58002F6A29 /* main.m in Sources */,
			);
			runOnlyForDeploymentPostprocessing = 0;
		};
/* End PBXSourcesBuildPhase section */

/* Begin XCBuildConfiguration section */
		6A1E10CD1E84DE58002F6A29 /* Debug */ = {
			isa = XCBuildConfiguration;
			buildSettings = {
				ALWAYS_SEARCH_USER_PATHS = NO;
				CLANG_ANALYZER_NONNULL = YES;
				CLANG_CXX_LANGUAGE_STANDARD = "gnu++0x";
				CLANG_CXX_LIBRARY = "libc++";
				CLANG_ENABLE_MODULES = YES;
				CLANG_ENABLE_OBJC_ARC = YES;
				CLANG_WARN_BOOL_CONVERSION = YES;
				CLANG_WARN_CONSTANT_CONVERSION = YES;
				CLANG_WARN_DIRECT_OBJC_ISA_USAGE = YES_ERROR;
				CLANG_WARN_DOCUMENTATION_COMMENTS = YES;
				CLANG_WARN_EMPTY_BODY = YES;
				CLANG_WARN_ENUM_CONVERSION = YES;
				CLANG_WARN_INFINITE_RECURSION = YES;
				CLANG_WARN_INT_CONVERSION = YES;
				CLANG_WARN_OBJC_ROOT_CLASS = YES_ERROR;
				CLANG_WARN_SUSPICIOUS_MOVES = YES;
				CLANG_WARN_UNREACHABLE_CODE = YES;
				CLANG_WARN__DUPLICATE_METHOD_MATCH = YES;
				CODE_SIGN_IDENTITY = "-";
				COPY_PHASE_STRIP = NO;
				DEBUG_INFORMATION_FORMAT = dwarf;
				ENABLE_STRICT_OBJC_MSGSEND = YES;
				ENABLE_TESTABILITY = YES;
				GCC_C_LANGUAGE_STANDARD = gnu99;
				GCC_DYNAMIC_NO_PIC = NO;
				GCC_NO_COMMON_BLOCKS = YES;
				GCC_OPTIMIZATION_LEVEL = 0;
				GCC_PREPROCESSOR_DEFINITIONS = (
					"DEBUG=1",
					"$(inherited)",
				);
				GCC_WARN_64_TO_32_BIT_CONVERSION = YES;
				GCC_WARN_ABOUT_RETURN_TYPE = YES_ERROR;
				GCC_WARN_UNDECLARED_SELECTOR = YES;
				GCC_WARN_UNINITIALIZED_AUTOS = YES_AGGRESSIVE;
				GCC_WARN_UNUSED_FUNCTION = YES;
				GCC_WARN_UNUSED_VARIABLE = YES;
				MACOSX_DEPLOYMENT_TARGET = 10.11;
				MTL_ENABLE_DEBUG_INFO = YES;
				ONLY_ACTIVE_ARCH = YES;
				SDKROOT = macosx;
			};
			name = Debug;
		};
		6A1E10CE1E84DE58002F6A29 /* Release */ = {
			isa = XCBuildConfiguration;
			buildSettings = {
				ALWAYS_SEARCH_USER_PATHS = NO;
				CLANG_ANALYZER_NONNULL = YES;
				CLANG_CXX_LANGUAGE_STANDARD = "gnu++0x";
				CLANG_CXX_LIBRARY = "libc++";
				CLANG_ENABLE_MODULES = YES;
				CLANG_ENABLE_OBJC_ARC = YES;
				CLANG_WARN_BOOL_CONVERSION = YES;
				CLANG_WARN_CONSTANT_CONVERSION = YES;
				CLANG_WARN_DIRECT_OBJC_ISA_USAGE = YES_ERROR;
				CLANG_WARN_DOCUMENTATION_COMMENTS = YES;
				CLANG_WARN_EMPTY_BODY = YES;
				CLANG_WARN_ENUM_CONVERSION = YES;
				CLANG_WARN_INFINITE_RECURSION = YES;
				CLANG_WARN_INT_CONVERSION = YES;
				CLANG_WARN_OBJC_ROOT_CLASS = YES_ERROR;
				CLANG_WARN_SUSPICIOUS_MOVES = YES;
				CLANG_WARN_UNREACHABLE_CODE = YES;
				CLANG_WARN__DUPLICATE_METHOD_MATCH = YES;
				CODE_SIGN_IDENTITY = "-";
				COPY_PHASE_STRIP = NO;
				DEBUG_INFORMATION_FORMAT = "dwarf-with-dsym";
				ENABLE_NS_ASSERTIONS = NO;
				ENABLE_STRICT_OBJC_MSGSEND = YES;
				GCC_C_LANGUAGE_STANDARD = gnu99;
				GCC_NO_COMMON_BLOCKS = YES;
				GCC_WARN_64_TO_32_BIT_CONVERSION = YES;
				GCC_WARN_ABOUT_RETURN_TYPE = YES_ERROR;
				GCC_WARN_UNDECLARED_SELECTOR = YES;
				GCC_WARN_UNINITIALIZED_AUTOS = YES_AGGRESSIVE;
				GCC_WARN_UNUSED_FUNCTION = YES;
				GCC_WARN_UNUSED_VARIABLE = YES;
				MACOSX_DEPLOYMENT_TARGET = 10.11;
				MTL_ENABLE_DEBUG_INFO = NO;
				SDKROOT = macosx;
			};
			name = Release;
		};
		6A1E10D01E84DE58002F6A29 /* Debug */ = {
			isa = XCBuildConfiguration;
			buildSettings = {
				PRODUCT_NAME = "$(TARGET_NAME)";
			};
			name = Debug;
		};
		6A1E10D11E84DE58002F6A29 /* Release */ = {
			isa = XCBuildConfiguration;
			buildSettings = {
				PRODUCT_NAME = "$(TARGET_NAME)";
			};
			name = Release;
		};
/* End XCBuildConfiguration section */

/* Begin XCConfigurationList section */
		6A1E10C31E84DE58002F6A29 /* Build configuration list for PBXProject "SortCollection" */ = {
			isa = XCConfigurationList;
			buildConfigurations = (
				6A1E10CD1E84DE58002F6A29 /* Debug */,
				6A1E10CE1E84DE58002F6A29 /* Release */,
			);
			defaultConfigurationIsVisible = 0;
			defaultConfigurationName = Release;
		};
		6A1E10CF1E84DE58002F6A29 /* Build configuration list for PBXNativeTarget "SortCollection" */ = {
			isa = XCConfigurationList;
			buildConfigurations = (
				6A1E10D01E84DE58002F6A29 /* Debug */,
				6A1E10D11E84DE58002F6A29 /* Release */,
			);
			defaultConfigurationIsVisible = 0;
			defaultConfigurationName = Release;
		};
/* End XCConfigurationList section */
	};
	rootObject = 6A1E10C01E84DE58002F6A29 /* Project object */;
}
